
Microsoft Visual Studio Solution File, Format Version 12.00
# Visual Studio Version 16
VisualStudioVersion = 16.0.29025.244
MinimumVisualStudioVersion = 10.0.40219.1
Project("{888888A0-9F3D-457C-B088-3A5042F75D52}") = "core-engine", "core-engine.pyproj", "{7A1BD64F-9521-49B7-B8ED-74714790AF41}"
EndProject
Global
	GlobalSection(SolutionConfigurationPlatforms) = preSolution
		Debug|Any CPU = Debug|Any CPU
		Release|Any CPU = Release|Any CPU
	EndGlobalSection
	GlobalSection(ProjectConfigurationPlatforms) = postSolution
		{7A1BD64F-9521-49B7-B8ED-74714790AF41}.Debug|Any CPU.ActiveCfg = Debug|Any CPU
		{7A1BD64F-9521-49B7-B8ED-74714790AF41}.Release|Any CPU.ActiveCfg = Release|Any CPU
	EndGlobalSection
	GlobalSection(SolutionProperties) = preSolution
		HideSolutionNode = FALSE
	EndGlobalSection
	GlobalSection(ExtensibilityGlobals) = postSolution
		SolutionGuid = {C0724279-FC78-477C-A28C-94E5E3623B6C}
	EndGlobalSection
EndGlobal
